
Microsoft Visual Studio Solution File, Format Version 12.00
# Visual Studio 14
VisualStudioVersion = 14.0.25420.1
MinimumVisualStudioVersion = 10.0.40219.1
Project("{FAE04EC0-301F-11D3-BF4B-00C04F79EFBC}") = "UserInterface.UI", "UserInterface.UI\UserInterface.UI.csproj", "{2B83370C-692D-4E30-B875-144390670AC9}"
EndProject
Project("{FAE04EC0-301F-11D3-BF4B-00C04F79EFBC}") = "common", "common\common.csproj", "{03547DB9-0FDD-4106-A831-633B75E40E3E}"
EndProject
Global
	GlobalSection(SolutionConfigurationPlatforms) = preSolution
		Debug|Any CPU = Debug|Any CPU
		Release|Any CPU = Release|Any CPU
	EndGlobalSection
	GlobalSection(ProjectConfigurationPlatforms) = postSolution
		{2B83370C-692D-4E30-B875-144390670AC9}.Debug|Any CPU.ActiveCfg = Debug|Any CPU
		{2B83370C-692D-4E30-B875-144390670AC9}.Debug|Any CPU.Build.0 = Debug|Any CPU
		{2B83370C-692D-4E30-B875-144390670AC9}.Release|Any CPU.ActiveCfg = Release|Any CPU
		{2B83370C-692D-4E30-B875-144390670AC9}.Release|Any CPU.Build.0 = Release|Any CPU
		{03547DB9-0FDD-4106-A831-633B75E40E3E}.Debug|Any CPU.ActiveCfg = Debug|Any CPU
		{03547DB9-0FDD-4106-A831-633B75E40E3E}.Debug|Any CPU.Build.0 = Debug|Any CPU
		{03547DB9-0FDD-4106-A831-633B75E40E3E}.Release|Any CPU.ActiveCfg = Release|Any CPU
		{03547DB9-0FDD-4106-A831-633B75E40E3E}.Release|Any CPU.Build.0 = Release|Any CPU
	EndGlobalSection
	GlobalSection(SolutionProperties) = preSolution
		HideSolutionNode = FALSE
	EndGlobalSection
EndGlobal
